version = 1
revision = 3
requires-python = ">=3.12"

[[package]]
name = "lilavel-contracts"
version = "0.1.0"
source = { editable = "apps/contracts" }

[package.metadata]

[package.metadata.requires-dev]
dev = [
    { name = "pyright", specifier = ">=1.1" },
    { name = "pytest", specifier = ">=8" },
    { name = "ruff", specifier = ">=0.9" },
]

[[package]]
name = "lilavel-core"
version = "0.1.0"
source = { editable = "apps/core" }
dependencies = [
    { name = "lilavel-contracts" },
]

[package.metadata]
requires-dist = [{ name = "lilavel-contracts", editable = "apps/contracts" }]

[package.metadata.requires-dev]
dev = [
    { name = "pyright", specifier = ">=1.1" },
    { name = "pytest", specifier = ">=8" },
    { name = "ruff", specifier = ">=0.9" },
]

[[package]]
name = "lilavel-launcher"
version = "0.1.0"
source = { virtual = "." }
dependencies = [
    { name = "lilavel-runtime" },
]

[package.metadata]
requires-dist = [{ name = "lilavel-runtime", editable = "apps/runtime" }]

[[package]]
name = "lilavel-runtime"
version = "0.1.0"
source = { editable = "apps/runtime" }
dependencies = [
    { name = "lilavel-contracts" },
    { name = "lilavel-core" },
    { name = "prompt-toolkit" },
]

[package.metadata]
requires-dist = [
    { name = "lilavel-contracts", editable = "apps/contracts" },
    { name = "lilavel-core", editable = "apps/core" },
    { name = "prompt-toolkit", specifier = "==3.0.52" },
]

[package.metadata.requires-dev]
dev = [
    { name = "pyright", specifier = ">=1.1" },
    { name = "pytest", specifier = ">=8" },
    { name = "pytest-asyncio", specifier = ">=1" },
    { name = "ruff", specifier = ">=0.9" },
]

[[package]]
name = "prompt-toolkit"
version = "3.0.52"
source = { registry = "https://pypi.org/simple" }
dependencies = [
    { name = "wcwidth" },
]
sdist = { url = "https://files.pythonhosted.org/packages/a1/96/06e01a7b38dce6fe1db213e061a4602dd6032a8a97ef6c1a862537732421/prompt_toolkit-3.0.52.tar.gz", hash = "sha256:28cde192929c8e7321de85de1ddbe736f1375148b02f2e17edd840042b1be855", size = 434198, upload-time = "2025-08-27T15:24:02.057Z" }
wheels = [
    { url = "https://files.pythonhosted.org/packages/84/03/0d3ce49e2505ae70cf43bc5bb3033955d2fc9f932163e84dc0779cc47f48/prompt_toolkit-3.0.52-py3-none-any.whl", hash = "sha256:9aac639a3bbd33284347de5ad8d68ecc044b91a762dc39b7c21095fcd6a19955", size = 391431, upload-time = "2025-08-27T15:23:59.498Z" },
]

[[package]]
name = "wcwidth"
version = "0.8.3"
source = { registry = "https://pypi.org/simple" }
sdist = { url = "https://files.pythonhosted.org/packages/36/57/ed58088fafdf4c55a0ad6bde846502567645424d7ebf325230b9237f4085/wcwidth-0.8.3.tar.gz", hash = "sha256:d128512515fbf4612e0ff21fd6380399210318b7b54a9af59dff8454cf9730eb", size = 1458450, upload-time = "2026-08-28T18:10:06.875Z" }
wheels = [
    { url = "https://files.pythonhosted.org/packages/c4/0e/57f6bb3024a597b2e8ec4aee710ffe62ddc95af2e2bb1ee7a7abdc22c68c/wcwidth-0.8.3-py3-none-any.whl", hash = "sha256:d5b73dba6158a595ec9370350e7f2637bcac8d6c5e4fde34f30fcffb6103a5e4", size = 331669, upload-time = "2026-08-28T18:10:04.909Z" },
]
